
Microsoft Visual Studio Solution File, Format Version 12.00
# Visual Studio Version 17
VisualStudioVersion = 17.6.33815.320
MinimumVisualStudioVersion = 10.0.40219.1
Project("{9A19103F-16F7-4668-BE54-9A1E7A4F7556}") = "ProgramandoConBlazor.Server", "ProgramandoConBlazor\Server\ProgramandoConBlazor.Server.csproj", "{D62B5904-BA89-4C84-A382-671796F148ED}"
EndProject
Project("{9A19103F-16F7-4668-BE54-9A1E7A4F7556}") = "ProgramandoConBlazor.Client", "ProgramandoConBlazor\Client\ProgramandoConBlazor.Client.csproj", "{6559A052-9F2B-482A-8F71-75369F421BE6}"
EndProject
Project("{9A19103F-16F7-4668-BE54-9A1E7A4F7556}") = "ProgramandoConBlazor.Shared", "ProgramandoConBlazor\Shared\ProgramandoConBlazor.Shared.csproj", "{7C3E70C9-7594-4FCC-9E80-E4717839B3F4}"
EndProject
Global
	GlobalSection(SolutionConfigurationPlatforms) = preSolution
		Debug|Any CPU = Debug|Any CPU
		Release|Any CPU = Release|Any CPU
	EndGlobalSection
	GlobalSection(ProjectConfigurationPlatforms) = postSolution
		{D62B5904-BA89-4C84-A382-671796F148ED}.Debug|Any CPU.ActiveCfg = Debug|Any CPU
		{D62B5904-BA89-4C84-A382-671796F148ED}.Debug|Any CPU.Build.0 = Debug|Any CPU
		{D62B5904-BA89-4C84-A382-671796F148ED}.Release|Any CPU.ActiveCfg = Release|Any CPU
		{D62B5904-BA89-4C84-A382-671796F148ED}.Release|Any CPU.Build.0 = Release|Any CPU
		{6559A052-9F2B-482A-8F71-75369F421BE6}.Debug|Any CPU.ActiveCfg = Debug|Any CPU
		{6559A052-9F2B-482A-8F71-75369F421BE6}.Debug|Any CPU.Build.0 = Debug|Any CPU
		{6559A052-9F2B-482A-8F71-75369F421BE6}.Release|Any CPU.ActiveCfg = Release|Any CPU
		{6559A052-9F2B-482A-8F71-75369F421BE6}.Release|Any CPU.Build.0 = Release|Any CPU
		{7C3E70C9-7594-4FCC-9E80-E4717839B3F4}.Debug|Any CPU.ActiveCfg = Debug|Any CPU
		{7C3E70C9-7594-4FCC-9E80-E4717839B3F4}.Debug|Any CPU.Build.0 = Debug|Any CPU
		{7C3E70C9-7594-4FCC-9E80-E4717839B3F4}.Release|Any CPU.ActiveCfg = Release|Any CPU
		{7C3E70C9-7594-4FCC-9E80-E4717839B3F4}.Release|Any CPU.Build.0 = Release|Any CPU
	EndGlobalSection
	GlobalSection(SolutionProperties) = preSolution
		HideSolutionNode = FALSE
	EndGlobalSection
	GlobalSection(ExtensibilityGlobals) = postSolution
		SolutionGuid = {75725E0A-984A-46FC-8B44-2BF31CD0B14D}
	EndGlobalSection
EndGlobal
